PODS:
  - ImageViewer.swift (3.0)
  - ImageViewer.swift/Fetcher (3.0):
    - Kingfisher
  - Kingfisher (7.9.1)

DEPENDENCIES:
  - ImageViewer.swift (from `./../`)
  - ImageViewer.swift/Fetcher (from `./../`)

SPEC REPOS:
  trunk:
    - Kingfisher

EXTERNAL SOURCES:
  ImageViewer.swift:
    :path: "./../"

SPEC CHECKSUMS:
  ImageViewer.swift: 0679e11e9ab524bd68323de2511058ad0fa99af5
  Kingfisher: 1d14e9f59cbe19389f591c929000332bf70efd32

PODFILE CHECKSUM: abb74e0522ce64243531012644f91b2b3105a5d5

COCOAPODS: 1.12.1
