PODS:
  - ImageViewer.swift (3.0)

DEPENDENCIES:
  - ImageViewer.swift (from `./../`)

EXTERNAL SOURCES:
  ImageViewer.swift:
    :path: "./../"

SPEC CHECKSUMS:
  ImageViewer.swift: 7e82ce918d3d3cdd292b4b85141032c204e7b54b

PODFILE CHECKSUM: cb1384c9cd0f103f3bcbb12f193727099811e09b

COCOAPODS: 1.12.1
