PODS:
  - ImageViewer.swift (3.0)
  - ImageViewer.swift/Fetcher (3.0):
    - Kingfisher (~> 7.0)
  - Kingfisher (7.4.0)

DEPENDENCIES:
  - ImageViewer.swift (from `./../`)
  - ImageViewer.swift/Fetcher (from `./../`)

SPEC REPOS:
  trunk:
    - Kingfisher

EXTERNAL SOURCES:
  ImageViewer.swift:
    :path: "./../"

SPEC CHECKSUMS:
  ImageViewer.swift: d094c98e0552b0b06bf48977cff3f3831648baeb
  Kingfisher: 596b207973051aae5e4c54a1c1cb39837ea10d36

PODFILE CHECKSUM: abb74e0522ce64243531012644f91b2b3105a5d5

COCOAPODS: 1.11.3
