{
  "object": {
    "pins": [
      {
        "package": "Kingfisher",
        "repositoryURL": "https://github.com/onevcat/Kingfisher",
        "state": {
          "branch": null,
          "revision": "b6f62758f21a8c03cd64f4009c037cfa580a256e",
          "version": "7.9.1"
        }
      },
      {
        "package": "SDWebImage",
        "repositoryURL": "https://github.com/SDWebImage/SDWebImage",
        "state": {
          "branch": null,
          "revision": "936f1c7067728d16c362ba4fb93c17df78b5fd79",
          "version": "5.18.2"
        }
      },
      {
        "package": "SDWebImageSwiftUI",
        "repositoryURL": "https://github.com/SDWebImage/SDWebImageSwiftUI",
        "state": {
          "branch": null,
          "revision": "e837c37d45449fbd3b4745c10c5b5274e73edead",
          "version": "2.2.3"
        }
      }
    ]
  },
  "version": 1
}
